
Microsoft Visual Studio Solution File, Format Version 12.00
# Visual Studio 15
VisualStudioVersion = 15.0.28307.421
MinimumVisualStudioVersion = 10.0.40219.1
Project("{FAE04EC0-301F-11D3-BF4B-00C04F79EFBC}") = "Tema1 - SGBD", "Tema1 - SGBD\Tema1 - SGBD.csproj", "{F2B1B5BC-B1AB-4ECC-A616-80616899ADAD}"
EndProject
Global
	GlobalSection(SolutionConfigurationPlatforms) = preSolution
		Debug|Any CPU = Debug|Any CPU
		Release|Any CPU = Release|Any CPU
	EndGlobalSection
	GlobalSection(ProjectConfigurationPlatforms) = postSolution
		{F2B1B5BC-B1AB-4ECC-A616-80616899ADAD}.Debug|Any CPU.ActiveCfg = Debug|Any CPU
		{F2B1B5BC-B1AB-4ECC-A616-80616899ADAD}.Debug|Any CPU.Build.0 = Debug|Any CPU
		{F2B1B5BC-B1AB-4ECC-A616-80616899ADAD}.Release|Any CPU.ActiveCfg = Release|Any CPU
		{F2B1B5BC-B1AB-4ECC-A616-80616899ADAD}.Release|Any CPU.Build.0 = Release|Any CPU
	EndGlobalSection
	GlobalSection(SolutionProperties) = preSolution
		HideSolutionNode = FALSE
	EndGlobalSection
	GlobalSection(ExtensibilityGlobals) = postSolution
		SolutionGuid = {9DD36556-2FFA-44BB-A328-B821D31675FA}
	EndGlobalSection
EndGlobal
